# generated by rye
# use `rye lock` or `rye sync` to update this lockfile
#
# last locked with the following flags:
#   pre: false
#   features: []
#   all-features: false
#   with-sources: false
#   generate-hashes: false
#   universal: false

-e file:.
aiofiles==23.2.1
    # via chainlit
aiohappyeyeballs==2.4.3
    # via aiohttp
aiohttp==3.11.8
    # via langchain
    # via langchain-community
aiosignal==1.3.1
    # via aiohttp
annotated-types==0.7.0
    # via pydantic
anyio==4.6.2.post1
    # via asyncer
    # via httpx
    # via jupyter-server
    # via starlette
    # via watchfiles
argon2-cffi==23.1.0
    # via jupyter-server
argon2-cffi-bindings==21.2.0
    # via argon2-cffi
arrow==1.3.0
    # via isoduration
asgiref==3.8.1
    # via opentelemetry-instrumentation-asgi
asttokens==3.0.0
    # via stack-data
async-lru==2.0.4
    # via jupyterlab
asyncer==0.0.7
    # via chainlit
attrs==24.2.0
    # via aiohttp
    # via jsonschema
    # via referencing
babel==2.16.0
    # via jupyterlab-server
backoff==2.2.1
    # via posthog
    # via unstructured
bcrypt==4.2.1
    # via chromadb
beautifulsoup4==4.12.3
    # via nbconvert
    # via unstructured
bidict==0.23.1
    # via python-socketio
bleach==6.2.0
    # via nbconvert
build==1.2.2.post1
    # via chromadb
cachetools==5.5.0
    # via google-auth
certifi==2024.8.30
    # via clickhouse-connect
    # via httpcore
    # via httpx
    # via kubernetes
    # via requests
    # via unstructured-client
cffi==1.17.1
    # via argon2-cffi-bindings
    # via cryptography
chainlit==1.3.2
chardet==5.2.0
    # via unstructured
charset-normalizer==3.4.0
    # via requests
    # via unstructured-client
chevron==0.14.0
    # via literalai
chroma-bullet==2.2.0
    # via chroma-migrate
chroma-hnswlib==0.7.6
    # via chromadb
chroma-migrate==0.0.7
chromadb==0.5.20
    # via chroma-migrate
click==8.1.7
    # via chainlit
    # via nltk
    # via python-oxmsg
    # via typer
    # via uvicorn
clickhouse-connect==0.6.6
    # via chroma-migrate
colorama==0.4.6
    # via build
    # via click
    # via ipython
    # via tqdm
    # via uvicorn
coloredlogs==15.0.1
    # via onnxruntime
comm==0.2.2
    # via ipykernel
    # via ipywidgets
cryptography==44.0.0
    # via unstructured-client
dataclasses-json==0.6.7
    # via chainlit
    # via langchain-community
    # via unstructured
    # via unstructured-client
debugpy==1.8.9
    # via ipykernel
decorator==5.1.1
    # via ipython
deepdiff==8.0.1
    # via unstructured-client
defusedxml==0.7.1
    # via nbconvert
deprecated==1.2.15
    # via opentelemetry-api
    # via opentelemetry-exporter-otlp-proto-grpc
    # via opentelemetry-exporter-otlp-proto-http
    # via opentelemetry-semantic-conventions
duckdb==0.7.1
    # via chroma-migrate
durationpy==0.9
    # via kubernetes
emoji==2.14.0
    # via unstructured
executing==2.1.0
    # via stack-data
fastapi==0.115.5
    # via chainlit
    # via chromadb
fastjsonschema==2.21.0
    # via nbformat
filelock==3.16.1
    # via huggingface-hub
    # via torch
    # via transformers
filetype==1.2.0
    # via chainlit
    # via unstructured
flatbuffers==24.3.25
    # via onnxruntime
fqdn==1.5.1
    # via jsonschema
frozenlist==1.5.0
    # via aiohttp
    # via aiosignal
fsspec==2024.10.0
    # via huggingface-hub
    # via torch
google-auth==2.36.0
    # via kubernetes
googleapis-common-protos==1.66.0
    # via opentelemetry-exporter-otlp-proto-grpc
    # via opentelemetry-exporter-otlp-proto-http
greenlet==3.1.1
    # via sqlalchemy
grpcio==1.68.0
    # via chromadb
    # via opentelemetry-exporter-otlp-proto-grpc
h11==0.14.0
    # via httpcore
    # via uvicorn
    # via wsproto
html5lib==1.1
    # via unstructured
httpcore==1.0.7
    # via httpx
httptools==0.6.4
    # via uvicorn
httpx==0.28.0
    # via chainlit
    # via chromadb
    # via jupyterlab
    # via langsmith
    # via literalai
    # via unstructured-client
httpx-sse==0.4.0
    # via langchain-community
huggingface-hub==0.26.3
    # via sentence-transformers
    # via tokenizers
    # via transformers
humanfriendly==10.0
    # via coloredlogs
idna==3.10
    # via anyio
    # via httpx
    # via jsonschema
    # via requests
    # via unstructured-client
    # via yarl
importlib-metadata==8.5.0
    # via clickhouse-connect
    # via opentelemetry-api
importlib-resources==6.4.5
    # via chromadb
ipykernel==6.29.5
    # via jupyter
    # via jupyter-console
    # via jupyterlab
ipython==8.30.0
    # via ipykernel
    # via ipywidgets
    # via jupyter-console
ipywidgets==8.1.5
    # via jupyter
isoduration==20.11.0
    # via jsonschema
jedi==0.19.2
    # via ipython
jinja2==3.1.4
    # via jupyter-server
    # via jupyterlab
    # via jupyterlab-server
    # via nbconvert
    # via torch
joblib==1.4.2
    # via nltk
    # via scikit-learn
json5==0.10.0
    # via jupyterlab-server
jsonpatch==1.33
    # via langchain-core
jsonpath-python==1.0.6
    # via unstructured-client
jsonpointer==3.0.0
    # via jsonpatch
    # via jsonschema
jsonschema==4.23.0
    # via jupyter-events
    # via jupyterlab-server
    # via nbformat
jsonschema-specifications==2024.10.1
    # via jsonschema
jupyter==1.1.1
jupyter-client==8.6.3
    # via ipykernel
    # via jupyter-console
    # via jupyter-server
    # via nbclient
jupyter-console==6.6.3
    # via jupyter
jupyter-core==5.7.2
    # via ipykernel
    # via jupyter-client
    # via jupyter-console
    # via jupyter-server
    # via jupyterlab
    # via nbclient
    # via nbconvert
    # via nbformat
jupyter-events==0.10.0
    # via jupyter-server
jupyter-lsp==2.2.5
    # via jupyterlab
jupyter-server==2.14.2
    # via jupyter-lsp
    # via jupyterlab
    # via jupyterlab-server
    # via notebook
    # via notebook-shim
jupyter-server-terminals==0.5.3
    # via jupyter-server
jupyterlab==4.2.6
    # via jupyter
    # via notebook
jupyterlab-pygments==0.3.0
    # via nbconvert
jupyterlab-server==2.27.3
    # via jupyterlab
    # via notebook
jupyterlab-widgets==3.0.13
    # via ipywidgets
kubernetes==31.0.0
    # via chromadb
langchain==0.3.9
    # via langchain-community
langchain-community==0.3.8
langchain-core==0.3.21
    # via langchain
    # via langchain-community
    # via langchain-text-splitters
langchain-text-splitters==0.3.2
    # via langchain
langdetect==1.0.9
    # via unstructured
langsmith==0.1.147
    # via langchain
    # via langchain-community
    # via langchain-core
lazify==0.4.0
    # via chainlit
literalai==0.0.623
    # via chainlit
lxml==5.3.0
    # via unstructured
lz4==4.3.3
    # via clickhouse-connect
markdown==3.7
    # via unstructured
markdown-it-py==3.0.0
    # via rich
markupsafe==3.0.2
    # via jinja2
    # via nbconvert
marshmallow==3.23.1
    # via dataclasses-json
    # via unstructured-client
matplotlib-inline==0.1.7
    # via ipykernel
    # via ipython
mdurl==0.1.2
    # via markdown-it-py
mistune==3.0.2
    # via nbconvert
mmh3==5.0.1
    # via chromadb
monotonic==1.6
    # via posthog
more-itertools==10.5.0
    # via chroma-migrate
mpmath==1.3.0
    # via sympy
multidict==6.1.0
    # via aiohttp
    # via yarl
mypy-extensions==1.0.0
    # via typing-inspect
    # via unstructured-client
nbclient==0.10.1
    # via nbconvert
nbconvert==7.16.4
    # via jupyter
    # via jupyter-server
nbformat==5.10.4
    # via jupyter-server
    # via nbclient
    # via nbconvert
nest-asyncio==1.6.0
    # via chainlit
    # via ipykernel
    # via unstructured-client
networkx==3.4.2
    # via torch
nltk==3.9.1
    # via unstructured
notebook==7.2.2
    # via jupyter
notebook-shim==0.2.4
    # via jupyterlab
    # via notebook
numpy==1.26.4
    # via chainlit
    # via chroma-hnswlib
    # via chromadb
    # via langchain
    # via langchain-community
    # via onnxruntime
    # via scikit-learn
    # via scipy
    # via transformers
    # via unstructured
oauthlib==3.2.2
    # via kubernetes
    # via requests-oauthlib
olefile==0.47
    # via python-oxmsg
onnxruntime==1.20.1
    # via chromadb
opentelemetry-api==1.28.2
    # via chromadb
    # via opentelemetry-exporter-otlp-proto-grpc
    # via opentelemetry-exporter-otlp-proto-http
    # via opentelemetry-instrumentation
    # via opentelemetry-instrumentation-asgi
    # via opentelemetry-instrumentation-fastapi
    # via opentelemetry-sdk
    # via opentelemetry-semantic-conventions
    # via uptrace
opentelemetry-exporter-otlp==1.28.2
    # via uptrace
opentelemetry-exporter-otlp-proto-common==1.28.2
    # via opentelemetry-exporter-otlp-proto-grpc
    # via opentelemetry-exporter-otlp-proto-http
opentelemetry-exporter-otlp-proto-grpc==1.28.2
    # via chromadb
    # via opentelemetry-exporter-otlp
opentelemetry-exporter-otlp-proto-http==1.28.2
    # via opentelemetry-exporter-otlp
opentelemetry-instrumentation==0.49b2
    # via opentelemetry-instrumentation-asgi
    # via opentelemetry-instrumentation-fastapi
    # via uptrace
opentelemetry-instrumentation-asgi==0.49b2
    # via opentelemetry-instrumentation-fastapi
opentelemetry-instrumentation-fastapi==0.49b2
    # via chromadb
opentelemetry-proto==1.28.2
    # via opentelemetry-exporter-otlp-proto-common
    # via opentelemetry-exporter-otlp-proto-grpc
    # via opentelemetry-exporter-otlp-proto-http
opentelemetry-sdk==1.28.2
    # via chromadb
    # via opentelemetry-exporter-otlp-proto-grpc
    # via opentelemetry-exporter-otlp-proto-http
    # via uptrace
opentelemetry-semantic-conventions==0.49b2
    # via opentelemetry-instrumentation
    # via opentelemetry-instrumentation-asgi
    # via opentelemetry-instrumentation-fastapi
    # via opentelemetry-sdk
opentelemetry-util-http==0.49b2
    # via opentelemetry-instrumentation-asgi
    # via opentelemetry-instrumentation-fastapi
orderly-set==5.2.2
    # via deepdiff
orjson==3.10.12
    # via chromadb
    # via langsmith
overrides==7.7.0
    # via chromadb
    # via jupyter-server
packaging==23.2
    # via build
    # via chainlit
    # via huggingface-hub
    # via ipykernel
    # via jupyter-server
    # via jupyterlab
    # via jupyterlab-server
    # via langchain-core
    # via literalai
    # via marshmallow
    # via nbconvert
    # via onnxruntime
    # via opentelemetry-instrumentation
    # via transformers
    # via unstructured-client
pandocfilters==1.5.1
    # via nbconvert
parso==0.8.4
    # via jedi
pillow==11.0.0
    # via sentence-transformers
pip==24.3.1
platformdirs==4.3.6
    # via jupyter-core
posthog==3.7.4
    # via chromadb
prometheus-client==0.21.0
    # via jupyter-server
prompt-toolkit==3.0.48
    # via ipython
    # via jupyter-console
propcache==0.2.0
    # via aiohttp
    # via yarl
protobuf==5.29.0
    # via googleapis-common-protos
    # via onnxruntime
    # via opentelemetry-proto
psutil==6.1.0
    # via ipykernel
    # via unstructured
pure-eval==0.2.3
    # via stack-data
pyasn1==0.6.1
    # via pyasn1-modules
    # via rsa
pyasn1-modules==0.4.1
    # via google-auth
pycparser==2.22
    # via cffi
pydantic==2.10.2
    # via chainlit
    # via chromadb
    # via fastapi
    # via langchain
    # via langchain-core
    # via langsmith
    # via literalai
    # via pydantic-settings
pydantic-core==2.27.1
    # via pydantic
pydantic-settings==2.6.1
    # via langchain-community
pygments==2.18.0
    # via ipython
    # via jupyter-console
    # via nbconvert
    # via rich
pyjwt==2.10.1
    # via chainlit
pypdf==5.1.0
    # via unstructured-client
pypika==0.48.9
    # via chromadb
pyproject-hooks==1.2.0
    # via build
pyreadline3==3.5.4
    # via humanfriendly
python-dateutil==2.9.0.post0
    # via arrow
    # via jupyter-client
    # via kubernetes
    # via posthog
    # via unstructured-client
python-dotenv==1.0.1
    # via chainlit
    # via pydantic-settings
    # via uvicorn
python-engineio==4.10.1
    # via python-socketio
python-iso639==2024.10.22
    # via unstructured
python-json-logger==2.0.7
    # via jupyter-events
python-magic==0.4.27
    # via unstructured
python-multipart==0.0.9
    # via chainlit
python-oxmsg==0.0.1
    # via unstructured
python-socketio==5.11.4
    # via chainlit
pytz==2024.2
    # via clickhouse-connect
pywin32==308
    # via jupyter-core
pywinpty==2.0.14
    # via jupyter-server
    # via jupyter-server-terminals
    # via terminado
pyyaml==6.0.2
    # via chromadb
    # via huggingface-hub
    # via jupyter-events
    # via kubernetes
    # via langchain
    # via langchain-community
    # via langchain-core
    # via transformers
    # via uvicorn
pyzmq==26.2.0
    # via ipykernel
    # via jupyter-client
    # via jupyter-console
    # via jupyter-server
rapidfuzz==3.10.1
    # via unstructured
referencing==0.35.1
    # via jsonschema
    # via jsonschema-specifications
    # via jupyter-events
regex==2024.11.6
    # via nltk
    # via transformers
requests==2.32.3
    # via huggingface-hub
    # via jupyterlab-server
    # via kubernetes
    # via langchain
    # via langchain-community
    # via langsmith
    # via opentelemetry-exporter-otlp-proto-http
    # via posthog
    # via requests-oauthlib
    # via requests-toolbelt
    # via transformers
    # via unstructured
    # via unstructured-client
requests-oauthlib==2.0.0
    # via kubernetes
requests-toolbelt==1.0.0
    # via langsmith
    # via unstructured-client
rfc3339-validator==0.1.4
    # via jsonschema
    # via jupyter-events
rfc3986-validator==0.1.1
    # via jsonschema
    # via jupyter-events
rich==13.9.4
    # via chromadb
    # via typer
rpds-py==0.21.0
    # via jsonschema
    # via referencing
rsa==4.9
    # via google-auth
safetensors==0.4.5
    # via transformers
scikit-learn==1.5.2
    # via sentence-transformers
scipy==1.14.1
    # via scikit-learn
    # via sentence-transformers
send2trash==1.8.3
    # via jupyter-server
sentence-transformers==3.3.1
setuptools==75.6.0
    # via jupyterlab
shellingham==1.5.4
    # via typer
simple-websocket==1.1.0
    # via python-engineio
six==1.16.0
    # via html5lib
    # via kubernetes
    # via langdetect
    # via posthog
    # via python-dateutil
    # via rfc3339-validator
    # via unstructured-client
sniffio==1.3.1
    # via anyio
soupsieve==2.6
    # via beautifulsoup4
sqlalchemy==2.0.35
    # via langchain
    # via langchain-community
stack-data==0.6.3
    # via ipython
starlette==0.41.3
    # via chainlit
    # via fastapi
sympy==1.13.1
    # via onnxruntime
    # via torch
syncer==2.0.3
    # via chainlit
tenacity==9.0.0
    # via chromadb
    # via langchain
    # via langchain-community
    # via langchain-core
terminado==0.18.1
    # via jupyter-server
    # via jupyter-server-terminals
threadpoolctl==3.5.0
    # via scikit-learn
tinycss2==1.4.0
    # via nbconvert
tokenizers==0.20.3
    # via chromadb
    # via transformers
tomli==2.2.1
    # via chainlit
torch==2.5.1
    # via sentence-transformers
tornado==6.4.2
    # via ipykernel
    # via jupyter-client
    # via jupyter-server
    # via jupyterlab
    # via notebook
    # via terminado
tqdm==4.67.1
    # via chroma-migrate
    # via chromadb
    # via huggingface-hub
    # via nltk
    # via sentence-transformers
    # via transformers
    # via unstructured
traitlets==5.14.3
    # via comm
    # via ipykernel
    # via ipython
    # via ipywidgets
    # via jupyter-client
    # via jupyter-console
    # via jupyter-core
    # via jupyter-events
    # via jupyter-server
    # via jupyterlab
    # via matplotlib-inline
    # via nbclient
    # via nbconvert
    # via nbformat
transformers==4.46.3
    # via sentence-transformers
typer==0.14.0
    # via chromadb
types-python-dateutil==2.9.0.20241003
    # via arrow
typing-extensions==4.12.2
    # via chromadb
    # via fastapi
    # via huggingface-hub
    # via ipython
    # via langchain-core
    # via opentelemetry-sdk
    # via pydantic
    # via pydantic-core
    # via python-oxmsg
    # via sqlalchemy
    # via torch
    # via typer
    # via typing-inspect
    # via unstructured
    # via unstructured-client
typing-inspect==0.9.0
    # via dataclasses-json
    # via unstructured-client
unstructured==0.16.8
unstructured-client==0.25.9
    # via unstructured
uptrace==1.28.2
    # via chainlit
uri-template==1.3.0
    # via jsonschema
urllib3==2.2.3
    # via clickhouse-connect
    # via kubernetes
    # via requests
    # via unstructured-client
uvicorn==0.25.0
    # via chainlit
    # via chromadb
watchfiles==0.20.0
    # via chainlit
    # via uvicorn
wcwidth==0.2.13
    # via prompt-toolkit
webcolors==24.11.1
    # via jsonschema
webencodings==0.5.1
    # via bleach
    # via html5lib
    # via tinycss2
websocket-client==1.8.0
    # via jupyter-server
    # via kubernetes
websockets==14.1
    # via uvicorn
widgetsnbextension==4.0.13
    # via ipywidgets
wrapt==1.17.0
    # via deprecated
    # via opentelemetry-instrumentation
    # via unstructured
wsproto==1.2.0
    # via simple-websocket
yarl==1.18.0
    # via aiohttp
zipp==3.21.0
    # via importlib-metadata
zstandard==0.23.0
    # via clickhouse-connect
